
Microsoft Visual Studio Solution File, Format Version 12.00
# Visual Studio 15
Project("{FAE04EC0-301F-11D3-BF4B-00C04F79EFBC}") = "fivechess", "fivechess.csproj", "{5DC7B89C-3DA4-192B-E558-953F0CB60D50}"
EndProject
Project("{FAE04EC0-301F-11D3-BF4B-00C04F79EFBC}") = "fivechess.Editor", "fivechess.Editor.csproj", "{926B8829-6E44-51B2-76DC-23E40B304A11}"
EndProject
Global
	GlobalSection(SolutionConfigurationPlatforms) = preSolution
		Debug|Any CPU = Debug|Any CPU
		Release|Any CPU = Release|Any CPU
	EndGlobalSection
	GlobalSection(ProjectConfigurationPlatforms) = postSolution
		{5DC7B89C-3DA4-192B-E558-953F0CB60D50}.Debug|Any CPU.ActiveCfg = Debug|Any CPU
		{5DC7B89C-3DA4-192B-E558-953F0CB60D50}.Debug|Any CPU.Build.0 = Debug|Any CPU
		{5DC7B89C-3DA4-192B-E558-953F0CB60D50}.Release|Any CPU.ActiveCfg = Release|Any CPU
		{5DC7B89C-3DA4-192B-E558-953F0CB60D50}.Release|Any CPU.Build.0 = Release|Any CPU
		{926B8829-6E44-51B2-76DC-23E40B304A11}.Debug|Any CPU.ActiveCfg = Debug|Any CPU
		{926B8829-6E44-51B2-76DC-23E40B304A11}.Debug|Any CPU.Build.0 = Debug|Any CPU
		{926B8829-6E44-51B2-76DC-23E40B304A11}.Release|Any CPU.ActiveCfg = Release|Any CPU
		{926B8829-6E44-51B2-76DC-23E40B304A11}.Release|Any CPU.Build.0 = Release|Any CPU
	EndGlobalSection
	GlobalSection(SolutionProperties) = preSolution
		HideSolutionNode = FALSE
	EndGlobalSection
EndGlobal
